
Microsoft Visual Studio Solution File, Format Version 12.00
# Visual Studio Version 16
VisualStudioVersion = 16.0.30907.101
MinimumVisualStudioVersion = 10.0.40219.1
Project("{FAE04EC0-301F-11D3-BF4B-00C04F79EFBC}") = "kafka-producer", "kafka-producer\kafka-producer.csproj", "{87972578-F6C7-4369-B8A2-BB153058E14F}"
EndProject
Global
	GlobalSection(SolutionConfigurationPlatforms) = preSolution
		Debug|Any CPU = Debug|Any CPU
		Release|Any CPU = Release|Any CPU
	EndGlobalSection
	GlobalSection(ProjectConfigurationPlatforms) = postSolution
		{87972578-F6C7-4369-B8A2-BB153058E14F}.Debug|Any CPU.ActiveCfg = Debug|Any CPU
		{87972578-F6C7-4369-B8A2-BB153058E14F}.Debug|Any CPU.Build.0 = Debug|Any CPU
		{87972578-F6C7-4369-B8A2-BB153058E14F}.Release|Any CPU.ActiveCfg = Release|Any CPU
		{87972578-F6C7-4369-B8A2-BB153058E14F}.Release|Any CPU.Build.0 = Release|Any CPU
	EndGlobalSection
	GlobalSection(SolutionProperties) = preSolution
		HideSolutionNode = FALSE
	EndGlobalSection
	GlobalSection(ExtensibilityGlobals) = postSolution
		SolutionGuid = {E19284C9-4A5D-4B5B-8FC1-9E68F6A206CD}
	EndGlobalSection
EndGlobal
